Microsoft Visual Studio Solution File, Format Version 12.00
# Visual Studio Version 18
VisualStudioVersion = 18.0.11010.61
MinimumVisualStudioVersion = 10.0.40219.1
Project("{9A19103F-16F7-4668-BE54-9A1E7A4F7556}") = "OE.TenTrees.Server", "Server\OE.TenTrees.Server.csproj", "{04B05448-788F-433D-92C0-FED35122D45A}"
EndProject
Project("{9A19103F-16F7-4668-BE54-9A1E7A4F7556}") = "OE.TenTrees.Client", "Client\OE.TenTrees.Client.csproj", "{AA8E58A1-CD09-4208-BF66-A8BB341FD669}"
EndProject
Project("{9A19103F-16F7-4668-BE54-9A1E7A4F7556}") = "OE.TenTrees.Shared", "Shared\OE.TenTrees.Shared.csproj", "{18D73F73-D7BE-4388-85BA-FBD9AC96FCA2}"
EndProject
Project("{FAE04EC0-301F-11D3-BF4B-00C04F79EFBC}") = "OE.TenTrees.Specs", "OE.TenTrees.Features\OE.TenTrees.Specs.csproj", "{8ED69ABF-ACA9-4D74-B19F-74603A9C2035}"
EndProject
Project("{00D1A9C2-B5F0-4AF3-8072-F6C62B433612}") = "OE.TenTrees.Sql", "OE.TenTrees.Sql\OE.TenTrees.Sql.sqlproj", "{87FE0AC7-8BF7-4C5B-8157-B615F0CD54FA}"
EndProject
Global
	GlobalSection(SolutionConfigurationPlatforms) = preSolution
		Debug|Any CPU = Debug|Any CPU
		Release|Any CPU = Release|Any CPU
	EndGlobalSection
	GlobalSection(ProjectConfigurationPlatforms) = postSolution
		{04B05448-788F-433D-92C0-FED35122D45A}.Debug|Any CPU.ActiveCfg = Debug|Any CPU
		{04B05448-788F-433D-92C0-FED35122D45A}.Debug|Any CPU.Build.0 = Debug|Any CPU
		{04B05448-788F-433D-92C0-FED35122D45A}.Release|Any CPU.ActiveCfg = Release|Any CPU
		{04B05448-788F-433D-92C0-FED35122D45A}.Release|Any CPU.Build.0 = Release|Any CPU
		{AA8E58A1-CD09-4208-BF66-A8BB341FD669}.Debug|Any CPU.ActiveCfg = Debug|Any CPU
		{AA8E58A1-CD09-4208-BF66-A8BB341FD669}.Debug|Any CPU.Build.0 = Debug|Any CPU
		{AA8E58A1-CD09-4208-BF66-A8BB341FD669}.Release|Any CPU.ActiveCfg = Release|Any CPU
		{AA8E58A1-CD09-4208-BF66-A8BB341FD669}.Release|Any CPU.Build.0 = Release|Any CPU
		{18D73F73-D7BE-4388-85BA-FBD9AC96FCA2}.Debug|Any CPU.ActiveCfg = Debug|Any CPU
		{18D73F73-D7BE-4388-85BA-FBD9AC96FCA2}.Debug|Any CPU.Build.0 = Debug|Any CPU
		{18D73F73-D7BE-4388-85BA-FBD9AC96FCA2}.Release|Any CPU.ActiveCfg = Release|Any CPU
		{18D73F73-D7BE-4388-85BA-FBD9AC96FCA2}.Release|Any CPU.Build.0 = Release|Any CPU
		{8ED69ABF-ACA9-4D74-B19F-74603A9C2035}.Debug|Any CPU.ActiveCfg = Debug|Any CPU
		{8ED69ABF-ACA9-4D74-B19F-74603A9C2035}.Debug|Any CPU.Build.0 = Debug|Any CPU
		{8ED69ABF-ACA9-4D74-B19F-74603A9C2035}.Release|Any CPU.ActiveCfg = Release|Any CPU
		{8ED69ABF-ACA9-4D74-B19F-74603A9C2035}.Release|Any CPU.Build.0 = Release|Any CPU
		{87FE0AC7-8BF7-4C5B-8157-B615F0CD54FA}.Debug|Any CPU.ActiveCfg = Debug|Any CPU
		{87FE0AC7-8BF7-4C5B-8157-B615F0CD54FA}.Debug|Any CPU.Deploy.0 = Debug|Any CPU
		{87FE0AC7-8BF7-4C5B-8157-B615F0CD54FA}.Release|Any CPU.ActiveCfg = Release|Any CPU
		{87FE0AC7-8BF7-4C5B-8157-B615F0CD54FA}.Release|Any CPU.Build.0 = Release|Any CPU
		{87FE0AC7-8BF7-4C5B-8157-B615F0CD54FA}.Release|Any CPU.Deploy.0 = Release|Any CPU
	EndGlobalSection
	GlobalSection(SolutionProperties) = preSolution
		HideSolutionNode = FALSE
	EndGlobalSection
	GlobalSection(ExtensibilityGlobals) = postSolution
		SolutionGuid = {7B287B1F-6DFF-4885-8537-9D7E8DBBE72A}
	EndGlobalSection
EndGlobal
